
Microsoft Visual Studio Solution File, Format Version 12.00
# Visual Studio Version 17
VisualStudioVersion = 17.13.35825.156 d17.13
MinimumVisualStudioVersion = 10.0.40219.1
Project("{FAE04EC0-301F-11D3-BF4B-00C04F79EFBC}") = "Milk_Diary_v1", "Milk_Diary_v1.csproj", "{C18E3B19-4059-44D4-9CB7-6C91039F8D3C}"
EndProject
Global
	GlobalSection(SolutionConfigurationPlatforms) = preSolution
		Debug|Any CPU = Debug|Any CPU
		Release|Any CPU = Release|Any CPU
	EndGlobalSection
	GlobalSection(ProjectConfigurationPlatforms) = postSolution
		{C18E3B19-4059-44D4-9CB7-6C91039F8D3C}.Debug|Any CPU.ActiveCfg = Debug|Any CPU
		{C18E3B19-4059-44D4-9CB7-6C91039F8D3C}.Debug|Any CPU.Build.0 = Debug|Any CPU
		{C18E3B19-4059-44D4-9CB7-6C91039F8D3C}.Release|Any CPU.ActiveCfg = Release|Any CPU
		{C18E3B19-4059-44D4-9CB7-6C91039F8D3C}.Release|Any CPU.Build.0 = Release|Any CPU
	EndGlobalSection
	GlobalSection(SolutionProperties) = preSolution
		HideSolutionNode = FALSE
	EndGlobalSection
	GlobalSection(ExtensibilityGlobals) = postSolution
		SolutionGuid = {995CCD01-CE13-4D53-9623-AAB62A561744}
	EndGlobalSection
EndGlobal
